
Microsoft Visual Studio Solution File, Format Version 12.00
# Visual Studio Version 16
VisualStudioVersion = 16.0.31829.152
MinimumVisualStudioVersion = 10.0.40219.1
Project("{FAE04EC0-301F-11D3-BF4B-00C04F79EFBC}") = "Lesson7_1", "Lesson7_1\Lesson7_1.csproj", "{6C028A3C-E54C-46B0-A5CD-D9EE400EA5FA}"
EndProject
Global
	GlobalSection(SolutionConfigurationPlatforms) = preSolution
		Debug|Any CPU = Debug|Any CPU
		Release|Any CPU = Release|Any CPU
	EndGlobalSection
	GlobalSection(ProjectConfigurationPlatforms) = postSolution
		{6C028A3C-E54C-46B0-A5CD-D9EE400EA5FA}.Debug|Any CPU.ActiveCfg = Debug|Any CPU
		{6C028A3C-E54C-46B0-A5CD-D9EE400EA5FA}.Debug|Any CPU.Build.0 = Debug|Any CPU
		{6C028A3C-E54C-46B0-A5CD-D9EE400EA5FA}.Release|Any CPU.ActiveCfg = Release|Any CPU
		{6C028A3C-E54C-46B0-A5CD-D9EE400EA5FA}.Release|Any CPU.Build.0 = Release|Any CPU
	EndGlobalSection
	GlobalSection(SolutionProperties) = preSolution
		HideSolutionNode = FALSE
	EndGlobalSection
	GlobalSection(ExtensibilityGlobals) = postSolution
		SolutionGuid = {E65ED580-90A3-4022-B5C4-01A7E682F6CE}
	EndGlobalSection
EndGlobal
